{
  "name": "02-graphql-basics",
  "version": "1.0.0",
  "lockfileVersion": 2,
  "requires": true,
  "packages": {
    "": {
      "name": "02-graphql-basics",
      "version": "1.0.0",
      "license": "ISC",
      "dependencies": {
        "graphql": "^16.10.0",
        "graphql-yoga": "^5.13.2",
        "uuid": "^11.1.0"
      },
      "devDependencies": {
        "nodemon": "^3.1.9"
      }
    },
    "node_modules/@envelop/core": {
      "version": "5.2.3",
      "resolved": "https://registry.npmjs.org/@envelop/core/-/core-5.2.3.tgz",
      "integrity": "sha512-KfoGlYD/XXQSc3BkM1/k15+JQbkQ4ateHazeZoWl9P71FsLTDXSjGy6j7QqfhpIDSbxNISqhPMfZHYSbDFOofQ==",
      "dependencies": {
        "@envelop/instrumentation": "^1.0.0",
        "@envelop/types": "^5.2.1",
        "@whatwg-node/promise-helpers": "^1.2.4",
        "tslib": "^2.5.0"
      },
      "engines": {
        "node": ">=18.0.0"
      }
    },
    "node_modules/@envelop/instrumentation": {
      "version": "1.0.0",
      "resolved": "https://registry.npmjs.org/@envelop/instrumentation/-/instrumentation-1.0.0.tgz",
      "integrity": "sha512-cxgkB66RQB95H3X27jlnxCRNTmPuSTgmBAq6/4n2Dtv4hsk4yz8FadA1ggmd0uZzvKqWD6CR+WFgTjhDqg7eyw==",
      "dependencies": {
        "@whatwg-node/promise-helpers": "^1.2.1",
        "tslib": "^2.5.0"
      },
      "engines": {
        "node": ">=18.0.0"
      }
    },
    "node_modules/@envelop/types": {
      "version": "5.2.1",
      "resolved": "https://registry.npmjs.org/@envelop/types/-/types-5.2.1.tgz",
      "integrity": "sha512-CsFmA3u3c2QoLDTfEpGr4t25fjMU31nyvse7IzWTvb0ZycuPjMjb0fjlheh+PbhBYb9YLugnT2uY6Mwcg1o+Zg==",
      "dependencies": {
        "@whatwg-node/promise-helpers": "^1.0.0",
        "tslib": "^2.5.0"
      },
      "engines": {
        "node": ">=18.0.0"
      }
    },
    "node_modules/@graphql-tools/executor": {
      "version": "1.4.7",
      "resolved": "https://registry.npmjs.org/@graphql-tools/executor/-/executor-1.4.7.tgz",
      "integrity": "sha512-U0nK9jzJRP9/9Izf1+0Gggd6K6RNRsheFo1gC/VWzfnsr0qjcOSS9qTjY0OTC5iTPt4tQ+W5Zpw/uc7mebI6aA==",
      "dependencies": {
        "@graphql-tools/utils": "^10.8.6",
        "@graphql-typed-document-node/core": "^3.2.0",
        "@repeaterjs/repeater": "^3.0.4",
        "@whatwg-node/disposablestack": "^0.0.6",
        "@whatwg-node/promise-helpers": "^1.0.0",
        "tslib": "^2.4.0"
      },
      "engines": {
        "node": ">=16.0.0"
      },
      "peerDependencies": {
        "graphql": "^14.0.0 || ^15.0.0 || ^16.0.0 || ^17.0.0"
      }
    },
    "node_modules/@graphql-tools/merge": {
      "version": "9.0.24",
      "resolved": "https://registry.npmjs.org/@graphql-tools/merge/-/merge-9.0.24.tgz",
      "integrity": "sha512-NzWx/Afl/1qHT3Nm1bghGG2l4jub28AdvtG11PoUlmjcIjnFBJMv4vqL0qnxWe8A82peWo4/TkVdjJRLXwgGEw==",
      "dependencies": {
        "@graphql-tools/utils": "^10.8.6",
        "tslib": "^2.4.0"
      },
      "engines": {
        "node": ">=16.0.0"
      },
      "peerDependencies": {
        "graphql": "^14.0.0 || ^15.0.0 || ^16.0.0 || ^17.0.0"
      }
    },
    "node_modules/@graphql-tools/schema": {
      "version": "10.0.23",
      "resolved": "https://registry.npmjs.org/@graphql-tools/schema/-/schema-10.0.23.tgz",
      "integrity": "sha512-aEGVpd1PCuGEwqTXCStpEkmheTHNdMayiIKH1xDWqYp9i8yKv9FRDgkGrY4RD8TNxnf7iII+6KOBGaJ3ygH95A==",
      "dependencies": {
        "@graphql-tools/merge": "^9.0.24",
        "@graphql-tools/utils": "^10.8.6",
        "tslib": "^2.4.0"
      },
      "engines": {
        "node": ">=16.0.0"
      },
      "peerDependencies": {
        "graphql": "^14.0.0 || ^15.0.0 || ^16.0.0 || ^17.0.0"
      }
    },
    "node_modules/@graphql-tools/utils": {
      "version": "10.8.6",
      "resolved": "https://registry.npmjs.org/@graphql-tools/utils/-/utils-10.8.6.tgz",
      "integrity": "sha512-Alc9Vyg0oOsGhRapfL3xvqh1zV8nKoFUdtLhXX7Ki4nClaIJXckrA86j+uxEuG3ic6j4jlM1nvcWXRn/71AVLQ==",
      "dependencies": {
        "@graphql-typed-document-node/core": "^3.1.1",
        "@whatwg-node/promise-helpers": "^1.0.0",
        "cross-inspect": "1.0.1",
        "dset": "^3.1.4",
        "tslib": "^2.4.0"
      },
      "engines": {
        "node": ">=16.0.0"
      },
      "peerDependencies": {
        "graphql": "^14.0.0 || ^15.0.0 || ^16.0.0 || ^17.0.0"
      }
    },
    "node_modules/@graphql-typed-document-node/core": {
      "version": "3.2.0",
      "resolved": "https://registry.npmjs.org/@graphql-typed-document-node/core/-/core-3.2.0.tgz",
      "integrity": "sha512-mB9oAsNCm9aM3/SOv4YtBMqZbYj10R7dkq8byBqxGY/ncFwhf2oQzMV+LCRlWoDSEBJ3COiR1yeDvMtsoOsuFQ==",
      "peerDependencies": {
        "graphql": "^0.8.0 || ^0.9.0 || ^0.10.0 || ^0.11.0 || ^0.12.0 || ^0.13.0 || ^14.0.0 || ^15.0.0 || ^16.0.0 || ^17.0.0"
      }
    },
    "node_modules/@graphql-yoga/logger": {
      "version": "2.0.1",
      "resolved": "https://registry.npmjs.org/@graphql-yoga/logger/-/logger-2.0.1.tgz",
      "integrity": "sha512-Nv0BoDGLMg9QBKy9cIswQ3/6aKaKjlTh87x3GiBg2Z4RrjyrM48DvOOK0pJh1C1At+b0mUIM67cwZcFTDLN4sA==",
      "dependencies": {
        "tslib": "^2.8.1"
      },
      "engines": {
        "node": ">=18.0.0"
      }
    },
    "node_modules/@graphql-yoga/subscription": {
      "version": "5.0.4",
      "resolved": "https://registry.npmjs.org/@graphql-yoga/subscription/-/subscription-5.0.4.tgz",
      "integrity": "sha512-Bcj1LYVQyQmFN/vsl73TRSNistd8lBJJcPxqFVCT8diUuH/gTv2be2OYZsirpeO0l5tFjJWJv9RPgIlCYv3Khw==",
      "dependencies": {
        "@graphql-yoga/typed-event-target": "^3.0.2",
        "@repeaterjs/repeater": "^3.0.4",
        "@whatwg-node/events": "^0.1.0",
        "tslib": "^2.8.1"
      },
      "engines": {
        "node": ">=18.0.0"
      }
    },
    "node_modules/@graphql-yoga/typed-event-target": {
      "version": "3.0.2",
      "resolved": "https://registry.npmjs.org/@graphql-yoga/typed-event-target/-/typed-event-target-3.0.2.tgz",
      "integrity": "sha512-ZpJxMqB+Qfe3rp6uszCQoag4nSw42icURnBRfFYSOmTgEeOe4rD0vYlbA8spvCu2TlCesNTlEN9BLWtQqLxabA==",
      "dependencies": {
        "@repeaterjs/repeater": "^3.0.4",
        "tslib": "^2.8.1"
      },
      "engines": {
        "node": ">=18.0.0"
      }
    },
    "node_modules/@repeaterjs/repeater": {
      "version": "3.0.6",
      "resolved": "https://registry.npmjs.org/@repeaterjs/repeater/-/repeater-3.0.6.tgz",
      "integrity": "sha512-Javneu5lsuhwNCryN+pXH93VPQ8g0dBX7wItHFgYiwQmzE1sVdg5tWHiOgHywzL2W21XQopa7IwIEnNbmeUJYA=="
    },
    "node_modules/@whatwg-node/disposablestack": {
      "version": "0.0.6",
      "resolved": "https://registry.npmjs.org/@whatwg-node/disposablestack/-/disposablestack-0.0.6.tgz",
      "integrity": "sha512-LOtTn+JgJvX8WfBVJtF08TGrdjuFzGJc4mkP8EdDI8ADbvO7kiexYep1o8dwnt0okb0jYclCDXF13xU7Ge4zSw==",
      "dependencies": {
        "@whatwg-node/promise-helpers": "^1.0.0",
        "tslib": "^2.6.3"
      },
      "engines": {
        "node": ">=18.0.0"
      }
    },
    "node_modules/@whatwg-node/events": {
      "version": "0.1.2",
      "resolved": "https://registry.npmjs.org/@whatwg-node/events/-/events-0.1.2.tgz",
      "integrity": "sha512-ApcWxkrs1WmEMS2CaLLFUEem/49erT3sxIVjpzU5f6zmVcnijtDSrhoK2zVobOIikZJdH63jdAXOrvjf6eOUNQ==",
      "dependencies": {
        "tslib": "^2.6.3"
      },
      "engines": {
        "node": ">=18.0.0"
      }
    },
    "node_modules/@whatwg-node/fetch": {
      "version": "0.10.5",
      "resolved": "https://registry.npmjs.org/@whatwg-node/fetch/-/fetch-0.10.5.tgz",
      "integrity": "sha512-+yFJU3hmXPAHJULwx0VzCIsvr/H0lvbPvbOH3areOH3NAuCxCwaJsQ8w6/MwwMcvEWIynSsmAxoyaH04KeosPg==",
      "dependencies": {
        "@whatwg-node/node-fetch": "^0.7.11",
        "urlpattern-polyfill": "^10.0.0"
      },
      "engines": {
        "node": ">=18.0.0"
      }
    },
    "node_modules/@whatwg-node/node-fetch": {
      "version": "0.7.17",
      "resolved": "https://registry.npmjs.org/@whatwg-node/node-fetch/-/node-fetch-0.7.17.tgz",
      "integrity": "sha512-Ni8A2H/r6brNf4u8Y7ATxmWUD0xltsQ6a4NnjWSbw4PgaT34CbY+u4QtVsFj9pTC3dBKJADKjac3AieAig+PZA==",
      "dependencies": {
        "@whatwg-node/disposablestack": "^0.0.6",
        "@whatwg-node/promise-helpers": "^1.2.5",
        "busboy": "^1.6.0",
        "tslib": "^2.6.3"
      },
      "engines": {
        "node": ">=18.0.0"
      }
    },
    "node_modules/@whatwg-node/promise-helpers": {
      "version": "1.3.0",
      "resolved": "https://registry.npmjs.org/@whatwg-node/promise-helpers/-/promise-helpers-1.3.0.tgz",
      "integrity": "sha512-486CouizxHXucj8Ky153DDragfkMcHtVEToF5Pn/fInhUUSiCmt9Q4JVBa6UK5q4RammFBtGQ4C9qhGlXU9YbA==",
      "dependencies": {
        "tslib": "^2.6.3"
      },
      "engines": {
        "node": ">=16.0.0"
      }
    },
    "node_modules/@whatwg-node/server": {
      "version": "0.10.3",
      "resolved": "https://registry.npmjs.org/@whatwg-node/server/-/server-0.10.3.tgz",
      "integrity": "sha512-2Dnfey57vWR+hDUMjPhNzJQc9z116BBzSQwR9eD0vhnzYmN2rJXuY0QuMaHDCCqEZRmFHg2bo8iJ+/1uHOlxpg==",
      "dependencies": {
        "@envelop/instrumentation": "^1.0.0",
        "@whatwg-node/disposablestack": "^0.0.6",
        "@whatwg-node/fetch": "^0.10.5",
        "@whatwg-node/promise-helpers": "^1.2.3",
        "tslib": "^2.6.3"
      },
      "engines": {
        "node": ">=18.0.0"
      }
    },
    "node_modules/anymatch": {
      "version": "3.1.3",
      "resolved": "https://registry.npmjs.org/anymatch/-/anymatch-3.1.3.tgz",
      "integrity": "sha512-KMReFUr0B4t+D+OBkjR3KYqvocp2XaSzO55UcB6mgQMd3KbcE+mWTyvVV7D/zsdEbNnV6acZUutkiHQXvTr1Rw==",
      "dev": true,
      "dependencies": {
        "normalize-path": "^3.0.0",
        "picomatch": "^2.0.4"
      },
      "engines": {
        "node": ">= 8"
      }
    },
    "node_modules/balanced-match": {
      "version": "1.0.2",
      "resolved": "https://registry.npmjs.org/balanced-match/-/balanced-match-1.0.2.tgz",
      "integrity": "sha512-3oSeUO0TMV67hN1AmbXsK4yaqU7tjiHlbxRDZOpH0KW9+CeX4bRAaX0Anxt0tx2MrpRpWwQaPwIlISEJhYU5Pw==",
      "dev": true
    },
    "node_modules/binary-extensions": {
      "version": "2.3.0",
      "resolved": "https://registry.npmjs.org/binary-extensions/-/binary-extensions-2.3.0.tgz",
      "integrity": "sha512-Ceh+7ox5qe7LJuLHoY0feh3pHuUDHAcRUeyL2VYghZwfpkNIy/+8Ocg0a3UuSoYzavmylwuLWQOf3hl0jjMMIw==",
      "dev": true,
      "engines": {
        "node": ">=8"
      },
      "funding": {
        "url": "https://github.com/sponsors/sindresorhus"
      }
    },
    "node_modules/brace-expansion": {
      "version": "1.1.11",
      "resolved": "https://registry.npmjs.org/brace-expansion/-/brace-expansion-1.1.11.tgz",
      "integrity": "sha512-iCuPHDFgrHX7H2vEI/5xpz07zSHB00TpugqhmYtVmMO6518mCuRMoOYFldEBl0g187ufozdaHgWKcYFb61qGiA==",
      "dev": true,
      "dependencies": {
        "balanced-match": "^1.0.0",
        "concat-map": "0.0.1"
      }
    },
    "node_modules/braces": {
      "version": "3.0.3",
      "resolved": "https://registry.npmjs.org/braces/-/braces-3.0.3.tgz",
      "integrity": "sha512-yQbXgO/OSZVD2IsiLlro+7Hf6Q18EJrKSEsdoMzKePKXct3gvD8oLcOQdIzGupr5Fj+EDe8gO/lxc1BzfMpxvA==",
      "dev": true,
      "dependencies": {
        "fill-range": "^7.1.1"
      },
      "engines": {
        "node": ">=8"
      }
    },
    "node_modules/busboy": {
      "version": "1.6.0",
      "resolved": "https://registry.npmjs.org/busboy/-/busboy-1.6.0.tgz",
      "integrity": "sha512-8SFQbg/0hQ9xy3UNTB0YEnsNBbWfhf7RtnzpL7TkBiTBRfrQ9Fxcnz7VJsleJpyp6rVLvXiuORqjlHi5q+PYuA==",
      "dependencies": {
        "streamsearch": "^1.1.0"
      },
      "engines": {
        "node": ">=10.16.0"
      }
    },
    "node_modules/chokidar": {
      "version": "3.6.0",
      "resolved": "https://registry.npmjs.org/chokidar/-/chokidar-3.6.0.tgz",
      "integrity": "sha512-7VT13fmjotKpGipCW9JEQAusEPE+Ei8nl6/g4FBAmIm0GOOLMua9NDDo/DWp0ZAxCr3cPq5ZpBqmPAQgDda2Pw==",
      "dev": true,
      "dependencies": {
        "anymatch": "~3.1.2",
        "braces": "~3.0.2",
        "glob-parent": "~5.1.2",
        "is-binary-path": "~2.1.0",
        "is-glob": "~4.0.1",
        "normalize-path": "~3.0.0",
        "readdirp": "~3.6.0"
      },
      "engines": {
        "node": ">= 8.10.0"
      },
      "funding": {
        "url": "https://paulmillr.com/funding/"
      },
      "optionalDependencies": {
        "fsevents": "~2.3.2"
      }
    },
    "node_modules/concat-map": {
      "version": "0.0.1",
      "resolved": "https://registry.npmjs.org/concat-map/-/concat-map-0.0.1.tgz",
      "integrity": "sha512-/Srv4dswyQNBfohGpz9o6Yb3Gz3SrUDqBH5rTuhGR7ahtlbYKnVxw2bCFMRljaA7EXHaXZ8wsHdodFvbkhKmqg==",
      "dev": true
    },
    "node_modules/cross-inspect": {
      "version": "1.0.1",
      "resolved": "https://registry.npmjs.org/cross-inspect/-/cross-inspect-1.0.1.tgz",
      "integrity": "sha512-Pcw1JTvZLSJH83iiGWt6fRcT+BjZlCDRVwYLbUcHzv/CRpB7r0MlSrGbIyQvVSNyGnbt7G4AXuyCiDR3POvZ1A==",
      "dependencies": {
        "tslib": "^2.4.0"
      },
      "engines": {
        "node": ">=16.0.0"
      }
    },
    "node_modules/debug": {
      "version": "4.4.0",
      "resolved": "https://registry.npmjs.org/debug/-/debug-4.4.0.tgz",
      "integrity": "sha512-6WTZ/IxCY/T6BALoZHaE4ctp9xm+Z5kY/pzYaCHRFeyVhojxlrm+46y68HA6hr0TcwEssoxNiDEUJQjfPZ/RYA==",
      "dev": true,
      "dependencies": {
        "ms": "^2.1.3"
      },
      "engines": {
        "node": ">=6.0"
      },
      "peerDependenciesMeta": {
        "supports-color": {
          "optional": true
        }
      }
    },
    "node_modules/dset": {
      "version": "3.1.4",
      "resolved": "https://registry.npmjs.org/dset/-/dset-3.1.4.tgz",
      "integrity": "sha512-2QF/g9/zTaPDc3BjNcVTGoBbXBgYfMTTceLaYcFJ/W9kggFUkhxD/hMEeuLKbugyef9SqAx8cpgwlIP/jinUTA==",
      "engines": {
        "node": ">=4"
      }
    },
    "node_modules/fill-range": {
      "version": "7.1.1",
      "resolved": "https://registry.npmjs.org/fill-range/-/fill-range-7.1.1.tgz",
      "integrity": "sha512-YsGpe3WHLK8ZYi4tWDg2Jy3ebRz2rXowDxnld4bkQB00cc/1Zw9AWnC0i9ztDJitivtQvaI9KaLyKrc+hBW0yg==",
      "dev": true,
      "dependencies": {
        "to-regex-range": "^5.0.1"
      },
      "engines": {
        "node": ">=8"
      }
    },
    "node_modules/fsevents": {
      "version": "2.3.3",
      "resolved": "https://registry.npmjs.org/fsevents/-/fsevents-2.3.3.tgz",
      "integrity": "sha512-5xoDfX+fL7faATnagmWPpbFtwh/R77WmMMqqHGS65C3vvB0YHrgF+B1YmZ3441tMj5n63k0212XNoJwzlhffQw==",
      "dev": true,
      "hasInstallScript": true,
      "optional": true,
      "os": [
        "darwin"
      ],
      "engines": {
        "node": "^8.16.0 || ^10.6.0 || >=11.0.0"
      }
    },
    "node_modules/glob-parent": {
      "version": "5.1.2",
      "resolved": "https://registry.npmjs.org/glob-parent/-/glob-parent-5.1.2.tgz",
      "integrity": "sha512-AOIgSQCepiJYwP3ARnGx+5VnTu2HBYdzbGP45eLw1vr3zB3vZLeyed1sC9hnbcOc9/SrMyM5RPQrkGz4aS9Zow==",
      "dev": true,
      "dependencies": {
        "is-glob": "^4.0.1"
      },
      "engines": {
        "node": ">= 6"
      }
    },
    "node_modules/graphql": {
      "version": "16.10.0",
      "resolved": "https://registry.npmjs.org/graphql/-/graphql-16.10.0.tgz",
      "integrity": "sha512-AjqGKbDGUFRKIRCP9tCKiIGHyriz2oHEbPIbEtcSLSs4YjReZOIPQQWek4+6hjw62H9QShXHyaGivGiYVLeYFQ==",
      "engines": {
        "node": "^12.22.0 || ^14.16.0 || ^16.0.0 || >=17.0.0"
      }
    },
    "node_modules/graphql-yoga": {
      "version": "5.13.3",
      "resolved": "https://registry.npmjs.org/graphql-yoga/-/graphql-yoga-5.13.3.tgz",
      "integrity": "sha512-W8efVmPhKOreIJgiYbC2CCn60ORr7kj+5dRg7EoBg6+rbMdL4EqlXp1hYdrmbB5GGgS2g3ivyHutXKUK0S0UZw==",
      "dependencies": {
        "@envelop/core": "^5.2.3",
        "@envelop/instrumentation": "^1.0.0",
        "@graphql-tools/executor": "^1.4.0",
        "@graphql-tools/schema": "^10.0.11",
        "@graphql-tools/utils": "^10.6.2",
        "@graphql-yoga/logger": "^2.0.1",
        "@graphql-yoga/subscription": "^5.0.4",
        "@whatwg-node/fetch": "^0.10.5",
        "@whatwg-node/promise-helpers": "^1.2.4",
        "@whatwg-node/server": "^0.10.2",
        "dset": "^3.1.4",
        "lru-cache": "^10.0.0",
        "tslib": "^2.8.1"
      },
      "engines": {
        "node": ">=18.0.0"
      },
      "peerDependencies": {
        "graphql": "^15.2.0 || ^16.0.0"
      }
    },
    "node_modules/has-flag": {
      "version": "3.0.0",
      "resolved": "https://registry.npmjs.org/has-flag/-/has-flag-3.0.0.tgz",
      "integrity": "sha512-sKJf1+ceQBr4SMkvQnBDNDtf4TXpVhVGateu0t918bl30FnbE2m4vNLX+VWe/dpjlb+HugGYzW7uQXH98HPEYw==",
      "dev": true,
      "engines": {
        "node": ">=4"
      }
    },
    "node_modules/ignore-by-default": {
      "version": "1.0.1",
      "resolved": "https://registry.npmjs.org/ignore-by-default/-/ignore-by-default-1.0.1.tgz",
      "integrity": "sha512-Ius2VYcGNk7T90CppJqcIkS5ooHUZyIQK+ClZfMfMNFEF9VSE73Fq+906u/CWu92x4gzZMWOwfFYckPObzdEbA==",
      "dev": true
    },
    "node_modules/is-binary-path": {
      "version": "2.1.0",
      "resolved": "https://registry.npmjs.org/is-binary-path/-/is-binary-path-2.1.0.tgz",
      "integrity": "sha512-ZMERYes6pDydyuGidse7OsHxtbI7WVeUEozgR/g7rd0xUimYNlvZRE/K2MgZTjWy725IfelLeVcEM97mmtRGXw==",
      "dev": true,
      "dependencies": {
        "binary-extensions": "^2.0.0"
      },
      "engines": {
        "node": ">=8"
      }
    },
    "node_modules/is-extglob": {
      "version": "2.1.1",
      "resolved": "https://registry.npmjs.org/is-extglob/-/is-extglob-2.1.1.tgz",
      "integrity": "sha512-SbKbANkN603Vi4jEZv49LeVJMn4yGwsbzZworEoyEiutsN3nJYdbO36zfhGJ6QEDpOZIFkDtnq5JRxmvl3jsoQ==",
      "dev": true,
      "engines": {
        "node": ">=0.10.0"
      }
    },
    "node_modules/is-glob": {
      "version": "4.0.3",
      "resolved": "https://registry.npmjs.org/is-glob/-/is-glob-4.0.3.tgz",
      "integrity": "sha512-xelSayHH36ZgE7ZWhli7pW34hNbNl8Ojv5KVmkJD4hBdD3th8Tfk9vYasLM+mXWOZhFkgZfxhLSnrwRr4elSSg==",
      "dev": true,
      "dependencies": {
        "is-extglob": "^2.1.1"
      },
      "engines": {
        "node": ">=0.10.0"
      }
    },
    "node_modules/is-number": {
      "version": "7.0.0",
      "resolved": "https://registry.npmjs.org/is-number/-/is-number-7.0.0.tgz",
      "integrity": "sha512-41Cifkg6e8TylSpdtTpeLVMqvSBEVzTttHvERD741+pnZ8ANv0004MRL43QKPDlK9cGvNp6NZWZUBlbGXYxxng==",
      "dev": true,
      "engines": {
        "node": ">=0.12.0"
      }
    },
    "node_modules/lru-cache": {
      "version": "10.4.3",
      "resolved": "https://registry.npmjs.org/lru-cache/-/lru-cache-10.4.3.tgz",
      "integrity": "sha512-JNAzZcXrCt42VGLuYz0zfAzDfAvJWW6AfYlDBQyDV5DClI2m5sAmK+OIO7s59XfsRsWHp02jAJrRadPRGTt6SQ=="
    },
    "node_modules/minimatch": {
      "version": "3.1.2",
      "resolved": "https://registry.npmjs.org/minimatch/-/minimatch-3.1.2.tgz",
      "integrity": "sha512-J7p63hRiAjw1NDEww1W7i37+ByIrOWO5XQQAzZ3VOcL0PNybwpfmV/N05zFAzwQ9USyEcX6t3UO+K5aqBQOIHw==",
      "dev": true,
      "dependencies": {
        "brace-expansion": "^1.1.7"
      },
      "engines": {
        "node": "*"
      }
    },
    "node_modules/ms": {
      "version": "2.1.3",
      "resolved": "https://registry.npmjs.org/ms/-/ms-2.1.3.tgz",
      "integrity": "sha512-6FlzubTLZG3J2a/NVCAleEhjzq5oxgHyaCU9yYXvcLsvoVaHJq/s5xXI6/XXP6tz7R9xAOtHnSO/tXtF3WRTlA==",
      "dev": true
    },
    "node_modules/nodemon": {
      "version": "3.1.9",
      "resolved": "https://registry.npmjs.org/nodemon/-/nodemon-3.1.9.tgz",
      "integrity": "sha512-hdr1oIb2p6ZSxu3PB2JWWYS7ZQ0qvaZsc3hK8DR8f02kRzc8rjYmxAIvdz+aYC+8F2IjNaB7HMcSDg8nQpJxyg==",
      "dev": true,
      "dependencies": {
        "chokidar": "^3.5.2",
        "debug": "^4",
        "ignore-by-default": "^1.0.1",
        "minimatch": "^3.1.2",
        "pstree.remy": "^1.1.8",
        "semver": "^7.5.3",
        "simple-update-notifier": "^2.0.0",
        "supports-color": "^5.5.0",
        "touch": "^3.1.0",
        "undefsafe": "^2.0.5"
      },
      "bin": {
        "nodemon": "bin/nodemon.js"
      },
      "engines": {
        "node": ">=10"
      },
      "funding": {
        "type": "opencollective",
        "url": "https://opencollective.com/nodemon"
      }
    },
    "node_modules/normalize-path": {
      "version": "3.0.0",
      "resolved": "https://registry.npmjs.org/normalize-path/-/normalize-path-3.0.0.tgz",
      "integrity": "sha512-6eZs5Ls3WtCisHWp9S2GUy8dqkpGi4BVSz3GaqiE6ezub0512ESztXUwUB6C6IKbQkY2Pnb/mD4WYojCRwcwLA==",
      "dev": true,
      "engines": {
        "node": ">=0.10.0"
      }
    },
    "node_modules/picomatch": {
      "version": "2.3.1",
      "resolved": "https://registry.npmjs.org/picomatch/-/picomatch-2.3.1.tgz",
      "integrity": "sha512-JU3teHTNjmE2VCGFzuY8EXzCDVwEqB2a8fsIvwaStHhAWJEeVd1o1QD80CU6+ZdEXXSLbSsuLwJjkCBWqRQUVA==",
      "dev": true,
      "engines": {
        "node": ">=8.6"
      },
      "funding": {
        "url": "https://github.com/sponsors/jonschlinkert"
      }
    },
    "node_modules/pstree.remy": {
      "version": "1.1.8",
      "resolved": "https://registry.npmjs.org/pstree.remy/-/pstree.remy-1.1.8.tgz",
      "integrity": "sha512-77DZwxQmxKnu3aR542U+X8FypNzbfJ+C5XQDk3uWjWxn6151aIMGthWYRXTqT1E5oJvg+ljaa2OJi+VfvCOQ8w==",
      "dev": true
    },
    "node_modules/readdirp": {
      "version": "3.6.0",
      "resolved": "https://registry.npmjs.org/readdirp/-/readdirp-3.6.0.tgz",
      "integrity": "sha512-hOS089on8RduqdbhvQ5Z37A0ESjsqz6qnRcffsMU3495FuTdqSm+7bhJ29JvIOsBDEEnan5DPu9t3To9VRlMzA==",
      "dev": true,
      "dependencies": {
        "picomatch": "^2.2.1"
      },
      "engines": {
        "node": ">=8.10.0"
      }
    },
    "node_modules/semver": {
      "version": "7.7.1",
      "resolved": "https://registry.npmjs.org/semver/-/semver-7.7.1.tgz",
      "integrity": "sha512-hlq8tAfn0m/61p4BVRcPzIGr6LKiMwo4VM6dGi6pt4qcRkmNzTcWq6eCEjEh+qXjkMDvPlOFFSGwQjoEa6gyMA==",
      "dev": true,
      "bin": {
        "semver": "bin/semver.js"
      },
      "engines": {
        "node": ">=10"
      }
    },
    "node_modules/simple-update-notifier": {
      "version": "2.0.0",
      "resolved": "https://registry.npmjs.org/simple-update-notifier/-/simple-update-notifier-2.0.0.tgz",
      "integrity": "sha512-a2B9Y0KlNXl9u/vsW6sTIu9vGEpfKu2wRV6l1H3XEas/0gUIzGzBoP/IouTcUQbm9JWZLH3COxyn03TYlFax6w==",
      "dev": true,
      "dependencies": {
        "semver": "^7.5.3"
      },
      "engines": {
        "node": ">=10"
      }
    },
    "node_modules/streamsearch": {
      "version": "1.1.0",
      "resolved": "https://registry.npmjs.org/streamsearch/-/streamsearch-1.1.0.tgz",
      "integrity": "sha512-Mcc5wHehp9aXz1ax6bZUyY5afg9u2rv5cqQI3mRrYkGC8rW2hM02jWuwjtL++LS5qinSyhj2QfLyNsuc+VsExg==",
      "engines": {
        "node": ">=10.0.0"
      }
    },
    "node_modules/supports-color": {
      "version": "5.5.0",
      "resolved": "https://registry.npmjs.org/supports-color/-/supports-color-5.5.0.tgz",
      "integrity": "sha512-QjVjwdXIt408MIiAqCX4oUKsgU2EqAGzs2Ppkm4aQYbjm+ZEWEcW4SfFNTr4uMNZma0ey4f5lgLrkB0aX0QMow==",
      "dev": true,
      "dependencies": {
        "has-flag": "^3.0.0"
      },
      "engines": {
        "node": ">=4"
      }
    },
    "node_modules/to-regex-range": {
      "version": "5.0.1",
      "resolved": "https://registry.npmjs.org/to-regex-range/-/to-regex-range-5.0.1.tgz",
      "integrity": "sha512-65P7iz6X5yEr1cwcgvQxbbIw7Uk3gOy5dIdtZ4rDveLqhrdJP+Li/Hx6tyK0NEb+2GCyneCMJiGqrADCSNk8sQ==",
      "dev": true,
      "dependencies": {
        "is-number": "^7.0.0"
      },
      "engines": {
        "node": ">=8.0"
      }
    },
    "node_modules/touch": {
      "version": "3.1.1",
      "resolved": "https://registry.npmjs.org/touch/-/touch-3.1.1.tgz",
      "integrity": "sha512-r0eojU4bI8MnHr8c5bNo7lJDdI2qXlWWJk6a9EAFG7vbhTjElYhBVS3/miuE0uOuoLdb8Mc/rVfsmm6eo5o9GA==",
      "dev": true,
      "bin": {
        "nodetouch": "bin/nodetouch.js"
      }
    },
    "node_modules/tslib": {
      "version": "2.8.1",
      "resolved": "https://registry.npmjs.org/tslib/-/tslib-2.8.1.tgz",
      "integrity": "sha512-oJFu94HQb+KVduSUQL7wnpmqnfmLsOA/nAh6b6EH0wCEoK0/mPeXU6c3wKDV83MkOuHPRHtSXKKU99IBazS/2w=="
    },
    "node_modules/undefsafe": {
      "version": "2.0.5",
      "resolved": "https://registry.npmjs.org/undefsafe/-/undefsafe-2.0.5.tgz",
      "integrity": "sha512-WxONCrssBM8TSPRqN5EmsjVrsv4A8X12J4ArBiiayv3DyyG3ZlIg6yysuuSYdZsVz3TKcTg2fd//Ujd4CHV1iA==",
      "dev": true
    },
    "node_modules/urlpattern-polyfill": {
      "version": "10.0.0",
      "resolved": "https://registry.npmjs.org/urlpattern-polyfill/-/urlpattern-polyfill-10.0.0.tgz",
      "integrity": "sha512-H/A06tKD7sS1O1X2SshBVeA5FLycRpjqiBeqGKmBwBDBy28EnRjORxTNe269KSSr5un5qyWi1iL61wLxpd+ZOg=="
    },
    "node_modules/uuid": {
      "version": "11.1.0",
      "resolved": "https://registry.npmjs.org/uuid/-/uuid-11.1.0.tgz",
      "integrity": "sha512-0/A9rDy9P7cJ+8w1c9WD9V//9Wj15Ce2MPz8Ri6032usz+NfePxx5AcN3bN+r6ZL6jEo066/yNYB3tn4pQEx+A==",
      "funding": [
        "https://github.com/sponsors/broofa",
        "https://github.com/sponsors/ctavan"
      ],
      "bin": {
        "uuid": "dist/esm/bin/uuid"
      }
    }
  },
  "dependencies": {
    "@envelop/core": {
      "version": "5.2.3",
      "resolved": "https://registry.npmjs.org/@envelop/core/-/core-5.2.3.tgz",
      "integrity": "sha512-KfoGlYD/XXQSc3BkM1/k15+JQbkQ4ateHazeZoWl9P71FsLTDXSjGy6j7QqfhpIDSbxNISqhPMfZHYSbDFOofQ==",
      "requires": {
        "@envelop/instrumentation": "^1.0.0",
        "@envelop/types": "^5.2.1",
        "@whatwg-node/promise-helpers": "^1.2.4",
        "tslib": "^2.5.0"
      }
    },
    "@envelop/instrumentation": {
      "version": "1.0.0",
      "resolved": "https://registry.npmjs.org/@envelop/instrumentation/-/instrumentation-1.0.0.tgz",
      "integrity": "sha512-cxgkB66RQB95H3X27jlnxCRNTmPuSTgmBAq6/4n2Dtv4hsk4yz8FadA1ggmd0uZzvKqWD6CR+WFgTjhDqg7eyw==",
      "requires": {
        "@whatwg-node/promise-helpers": "^1.2.1",
        "tslib": "^2.5.0"
      }
    },
    "@envelop/types": {
      "version": "5.2.1",
      "resolved": "https://registry.npmjs.org/@envelop/types/-/types-5.2.1.tgz",
      "integrity": "sha512-CsFmA3u3c2QoLDTfEpGr4t25fjMU31nyvse7IzWTvb0ZycuPjMjb0fjlheh+PbhBYb9YLugnT2uY6Mwcg1o+Zg==",
      "requires": {
        "@whatwg-node/promise-helpers": "^1.0.0",
        "tslib": "^2.5.0"
      }
    },
    "@graphql-tools/executor": {
      "version": "1.4.7",
      "resolved": "https://registry.npmjs.org/@graphql-tools/executor/-/executor-1.4.7.tgz",
      "integrity": "sha512-U0nK9jzJRP9/9Izf1+0Gggd6K6RNRsheFo1gC/VWzfnsr0qjcOSS9qTjY0OTC5iTPt4tQ+W5Zpw/uc7mebI6aA==",
      "requires": {
        "@graphql-tools/utils": "^10.8.6",
        "@graphql-typed-document-node/core": "^3.2.0",
        "@repeaterjs/repeater": "^3.0.4",
        "@whatwg-node/disposablestack": "^0.0.6",
        "@whatwg-node/promise-helpers": "^1.0.0",
        "tslib": "^2.4.0"
      }
    },
    "@graphql-tools/merge": {
      "version": "9.0.24",
      "resolved": "https://registry.npmjs.org/@graphql-tools/merge/-/merge-9.0.24.tgz",
      "integrity": "sha512-NzWx/Afl/1qHT3Nm1bghGG2l4jub28AdvtG11PoUlmjcIjnFBJMv4vqL0qnxWe8A82peWo4/TkVdjJRLXwgGEw==",
      "requires": {
        "@graphql-tools/utils": "^10.8.6",
        "tslib": "^2.4.0"
      }
    },
    "@graphql-tools/schema": {
      "version": "10.0.23",
      "resolved": "https://registry.npmjs.org/@graphql-tools/schema/-/schema-10.0.23.tgz",
      "integrity": "sha512-aEGVpd1PCuGEwqTXCStpEkmheTHNdMayiIKH1xDWqYp9i8yKv9FRDgkGrY4RD8TNxnf7iII+6KOBGaJ3ygH95A==",
      "requires": {
        "@graphql-tools/merge": "^9.0.24",
        "@graphql-tools/utils": "^10.8.6",
        "tslib": "^2.4.0"
      }
    },
    "@graphql-tools/utils": {
      "version": "10.8.6",
      "resolved": "https://registry.npmjs.org/@graphql-tools/utils/-/utils-10.8.6.tgz",
      "integrity": "sha512-Alc9Vyg0oOsGhRapfL3xvqh1zV8nKoFUdtLhXX7Ki4nClaIJXckrA86j+uxEuG3ic6j4jlM1nvcWXRn/71AVLQ==",
      "requires": {
        "@graphql-typed-document-node/core": "^3.1.1",
        "@whatwg-node/promise-helpers": "^1.0.0",
        "cross-inspect": "1.0.1",
        "dset": "^3.1.4",
        "tslib": "^2.4.0"
      }
    },
    "@graphql-typed-document-node/core": {
      "version": "3.2.0",
      "resolved": "https://registry.npmjs.org/@graphql-typed-document-node/core/-/core-3.2.0.tgz",
      "integrity": "sha512-mB9oAsNCm9aM3/SOv4YtBMqZbYj10R7dkq8byBqxGY/ncFwhf2oQzMV+LCRlWoDSEBJ3COiR1yeDvMtsoOsuFQ==",
      "requires": {}
    },
    "@graphql-yoga/logger": {
      "version": "2.0.1",
      "resolved": "https://registry.npmjs.org/@graphql-yoga/logger/-/logger-2.0.1.tgz",
      "integrity": "sha512-Nv0BoDGLMg9QBKy9cIswQ3/6aKaKjlTh87x3GiBg2Z4RrjyrM48DvOOK0pJh1C1At+b0mUIM67cwZcFTDLN4sA==",
      "requires": {
        "tslib": "^2.8.1"
      }
    },
    "@graphql-yoga/subscription": {
      "version": "5.0.4",
      "resolved": "https://registry.npmjs.org/@graphql-yoga/subscription/-/subscription-5.0.4.tgz",
      "integrity": "sha512-Bcj1LYVQyQmFN/vsl73TRSNistd8lBJJcPxqFVCT8diUuH/gTv2be2OYZsirpeO0l5tFjJWJv9RPgIlCYv3Khw==",
      "requires": {
        "@graphql-yoga/typed-event-target": "^3.0.2",
        "@repeaterjs/repeater": "^3.0.4",
        "@whatwg-node/events": "^0.1.0",
        "tslib": "^2.8.1"
      }
    },
    "@graphql-yoga/typed-event-target": {
      "version": "3.0.2",
      "resolved": "https://registry.npmjs.org/@graphql-yoga/typed-event-target/-/typed-event-target-3.0.2.tgz",
      "integrity": "sha512-ZpJxMqB+Qfe3rp6uszCQoag4nSw42icURnBRfFYSOmTgEeOe4rD0vYlbA8spvCu2TlCesNTlEN9BLWtQqLxabA==",
      "requires": {
        "@repeaterjs/repeater": "^3.0.4",
        "tslib": "^2.8.1"
      }
    },
    "@repeaterjs/repeater": {
      "version": "3.0.6",
      "resolved": "https://registry.npmjs.org/@repeaterjs/repeater/-/repeater-3.0.6.tgz",
      "integrity": "sha512-Javneu5lsuhwNCryN+pXH93VPQ8g0dBX7wItHFgYiwQmzE1sVdg5tWHiOgHywzL2W21XQopa7IwIEnNbmeUJYA=="
    },
    "@whatwg-node/disposablestack": {
      "version": "0.0.6",
      "resolved": "https://registry.npmjs.org/@whatwg-node/disposablestack/-/disposablestack-0.0.6.tgz",
      "integrity": "sha512-LOtTn+JgJvX8WfBVJtF08TGrdjuFzGJc4mkP8EdDI8ADbvO7kiexYep1o8dwnt0okb0jYclCDXF13xU7Ge4zSw==",
      "requires": {
        "@whatwg-node/promise-helpers": "^1.0.0",
        "tslib": "^2.6.3"
      }
    },
    "@whatwg-node/events": {
      "version": "0.1.2",
      "resolved": "https://registry.npmjs.org/@whatwg-node/events/-/events-0.1.2.tgz",
      "integrity": "sha512-ApcWxkrs1WmEMS2CaLLFUEem/49erT3sxIVjpzU5f6zmVcnijtDSrhoK2zVobOIikZJdH63jdAXOrvjf6eOUNQ==",
      "requires": {
        "tslib": "^2.6.3"
      }
    },
    "@whatwg-node/fetch": {
      "version": "0.10.5",
      "resolved": "https://registry.npmjs.org/@whatwg-node/fetch/-/fetch-0.10.5.tgz",
      "integrity": "sha512-+yFJU3hmXPAHJULwx0VzCIsvr/H0lvbPvbOH3areOH3NAuCxCwaJsQ8w6/MwwMcvEWIynSsmAxoyaH04KeosPg==",
      "requires": {
        "@whatwg-node/node-fetch": "^0.7.11",
        "urlpattern-polyfill": "^10.0.0"
      }
    },
    "@whatwg-node/node-fetch": {
      "version": "0.7.17",
      "resolved": "https://registry.npmjs.org/@whatwg-node/node-fetch/-/node-fetch-0.7.17.tgz",
      "integrity": "sha512-Ni8A2H/r6brNf4u8Y7ATxmWUD0xltsQ6a4NnjWSbw4PgaT34CbY+u4QtVsFj9pTC3dBKJADKjac3AieAig+PZA==",
      "requires": {
        "@whatwg-node/disposablestack": "^0.0.6",
        "@whatwg-node/promise-helpers": "^1.2.5",
        "busboy": "^1.6.0",
        "tslib": "^2.6.3"
      }
    },
    "@whatwg-node/promise-helpers": {
      "version": "1.3.0",
      "resolved": "https://registry.npmjs.org/@whatwg-node/promise-helpers/-/promise-helpers-1.3.0.tgz",
      "integrity": "sha512-486CouizxHXucj8Ky153DDragfkMcHtVEToF5Pn/fInhUUSiCmt9Q4JVBa6UK5q4RammFBtGQ4C9qhGlXU9YbA==",
      "requires": {
        "tslib": "^2.6.3"
      }
    },
    "@whatwg-node/server": {
      "version": "0.10.3",
      "resolved": "https://registry.npmjs.org/@whatwg-node/server/-/server-0.10.3.tgz",
      "integrity": "sha512-2Dnfey57vWR+hDUMjPhNzJQc9z116BBzSQwR9eD0vhnzYmN2rJXuY0QuMaHDCCqEZRmFHg2bo8iJ+/1uHOlxpg==",
      "requires": {
        "@envelop/instrumentation": "^1.0.0",
        "@whatwg-node/disposablestack": "^0.0.6",
        "@whatwg-node/fetch": "^0.10.5",
        "@whatwg-node/promise-helpers": "^1.2.3",
        "tslib": "^2.6.3"
      }
    },
    "anymatch": {
      "version": "3.1.3",
      "resolved": "https://registry.npmjs.org/anymatch/-/anymatch-3.1.3.tgz",
      "integrity": "sha512-KMReFUr0B4t+D+OBkjR3KYqvocp2XaSzO55UcB6mgQMd3KbcE+mWTyvVV7D/zsdEbNnV6acZUutkiHQXvTr1Rw==",
      "dev": true,
      "requires": {
        "normalize-path": "^3.0.0",
        "picomatch": "^2.0.4"
      }
    },
    "balanced-match": {
      "version": "1.0.2",
      "resolved": "https://registry.npmjs.org/balanced-match/-/balanced-match-1.0.2.tgz",
      "integrity": "sha512-3oSeUO0TMV67hN1AmbXsK4yaqU7tjiHlbxRDZOpH0KW9+CeX4bRAaX0Anxt0tx2MrpRpWwQaPwIlISEJhYU5Pw==",
      "dev": true
    },
    "binary-extensions": {
      "version": "2.3.0",
      "resolved": "https://registry.npmjs.org/binary-extensions/-/binary-extensions-2.3.0.tgz",
      "integrity": "sha512-Ceh+7ox5qe7LJuLHoY0feh3pHuUDHAcRUeyL2VYghZwfpkNIy/+8Ocg0a3UuSoYzavmylwuLWQOf3hl0jjMMIw==",
      "dev": true
    },
    "brace-expansion": {
      "version": "1.1.11",
      "resolved": "https://registry.npmjs.org/brace-expansion/-/brace-expansion-1.1.11.tgz",
      "integrity": "sha512-iCuPHDFgrHX7H2vEI/5xpz07zSHB00TpugqhmYtVmMO6518mCuRMoOYFldEBl0g187ufozdaHgWKcYFb61qGiA==",
      "dev": true,
      "requires": {
        "balanced-match": "^1.0.0",
        "concat-map": "0.0.1"
      }
    },
    "braces": {
      "version": "3.0.3",
      "resolved": "https://registry.npmjs.org/braces/-/braces-3.0.3.tgz",
      "integrity": "sha512-yQbXgO/OSZVD2IsiLlro+7Hf6Q18EJrKSEsdoMzKePKXct3gvD8oLcOQdIzGupr5Fj+EDe8gO/lxc1BzfMpxvA==",
      "dev": true,
      "requires": {
        "fill-range": "^7.1.1"
      }
    },
    "busboy": {
      "version": "1.6.0",
      "resolved": "https://registry.npmjs.org/busboy/-/busboy-1.6.0.tgz",
      "integrity": "sha512-8SFQbg/0hQ9xy3UNTB0YEnsNBbWfhf7RtnzpL7TkBiTBRfrQ9Fxcnz7VJsleJpyp6rVLvXiuORqjlHi5q+PYuA==",
      "requires": {
        "streamsearch": "^1.1.0"
      }
    },
    "chokidar": {
      "version": "3.6.0",
      "resolved": "https://registry.npmjs.org/chokidar/-/chokidar-3.6.0.tgz",
      "integrity": "sha512-7VT13fmjotKpGipCW9JEQAusEPE+Ei8nl6/g4FBAmIm0GOOLMua9NDDo/DWp0ZAxCr3cPq5ZpBqmPAQgDda2Pw==",
      "dev": true,
      "requires": {
        "anymatch": "~3.1.2",
        "braces": "~3.0.2",
        "fsevents": "~2.3.2",
        "glob-parent": "~5.1.2",
        "is-binary-path": "~2.1.0",
        "is-glob": "~4.0.1",
        "normalize-path": "~3.0.0",
        "readdirp": "~3.6.0"
      }
    },
    "concat-map": {
      "version": "0.0.1",
      "resolved": "https://registry.npmjs.org/concat-map/-/concat-map-0.0.1.tgz",
      "integrity": "sha512-/Srv4dswyQNBfohGpz9o6Yb3Gz3SrUDqBH5rTuhGR7ahtlbYKnVxw2bCFMRljaA7EXHaXZ8wsHdodFvbkhKmqg==",
      "dev": true
    },
    "cross-inspect": {
      "version": "1.0.1",
      "resolved": "https://registry.npmjs.org/cross-inspect/-/cross-inspect-1.0.1.tgz",
      "integrity": "sha512-Pcw1JTvZLSJH83iiGWt6fRcT+BjZlCDRVwYLbUcHzv/CRpB7r0MlSrGbIyQvVSNyGnbt7G4AXuyCiDR3POvZ1A==",
      "requires": {
        "tslib": "^2.4.0"
      }
    },
    "debug": {
      "version": "4.4.0",
      "resolved": "https://registry.npmjs.org/debug/-/debug-4.4.0.tgz",
      "integrity": "sha512-6WTZ/IxCY/T6BALoZHaE4ctp9xm+Z5kY/pzYaCHRFeyVhojxlrm+46y68HA6hr0TcwEssoxNiDEUJQjfPZ/RYA==",
      "dev": true,
      "requires": {
        "ms": "^2.1.3"
      }
    },
    "dset": {
      "version": "3.1.4",
      "resolved": "https://registry.npmjs.org/dset/-/dset-3.1.4.tgz",
      "integrity": "sha512-2QF/g9/zTaPDc3BjNcVTGoBbXBgYfMTTceLaYcFJ/W9kggFUkhxD/hMEeuLKbugyef9SqAx8cpgwlIP/jinUTA=="
    },
    "fill-range": {
      "version": "7.1.1",
      "resolved": "https://registry.npmjs.org/fill-range/-/fill-range-7.1.1.tgz",
      "integrity": "sha512-YsGpe3WHLK8ZYi4tWDg2Jy3ebRz2rXowDxnld4bkQB00cc/1Zw9AWnC0i9ztDJitivtQvaI9KaLyKrc+hBW0yg==",
      "dev": true,
      "requires": {
        "to-regex-range": "^5.0.1"
      }
    },
    "fsevents": {
      "version": "2.3.3",
      "resolved": "https://registry.npmjs.org/fsevents/-/fsevents-2.3.3.tgz",
      "integrity": "sha512-5xoDfX+fL7faATnagmWPpbFtwh/R77WmMMqqHGS65C3vvB0YHrgF+B1YmZ3441tMj5n63k0212XNoJwzlhffQw==",
      "dev": true,
      "optional": true
    },
    "glob-parent": {
      "version": "5.1.2",
      "resolved": "https://registry.npmjs.org/glob-parent/-/glob-parent-5.1.2.tgz",
      "integrity": "sha512-AOIgSQCepiJYwP3ARnGx+5VnTu2HBYdzbGP45eLw1vr3zB3vZLeyed1sC9hnbcOc9/SrMyM5RPQrkGz4aS9Zow==",
      "dev": true,
      "requires": {
        "is-glob": "^4.0.1"
      }
    },
    "graphql": {
      "version": "16.10.0",
      "resolved": "https://registry.npmjs.org/graphql/-/graphql-16.10.0.tgz",
      "integrity": "sha512-AjqGKbDGUFRKIRCP9tCKiIGHyriz2oHEbPIbEtcSLSs4YjReZOIPQQWek4+6hjw62H9QShXHyaGivGiYVLeYFQ=="
    },
    "graphql-yoga": {
      "version": "5.13.3",
      "resolved": "https://registry.npmjs.org/graphql-yoga/-/graphql-yoga-5.13.3.tgz",
      "integrity": "sha512-W8efVmPhKOreIJgiYbC2CCn60ORr7kj+5dRg7EoBg6+rbMdL4EqlXp1hYdrmbB5GGgS2g3ivyHutXKUK0S0UZw==",
      "requires": {
        "@envelop/core": "^5.2.3",
        "@envelop/instrumentation": "^1.0.0",
        "@graphql-tools/executor": "^1.4.0",
        "@graphql-tools/schema": "^10.0.11",
        "@graphql-tools/utils": "^10.6.2",
        "@graphql-yoga/logger": "^2.0.1",
        "@graphql-yoga/subscription": "^5.0.4",
        "@whatwg-node/fetch": "^0.10.5",
        "@whatwg-node/promise-helpers": "^1.2.4",
        "@whatwg-node/server": "^0.10.2",
        "dset": "^3.1.4",
        "lru-cache": "^10.0.0",
        "tslib": "^2.8.1"
      }
    },
    "has-flag": {
      "version": "3.0.0",
      "resolved": "https://registry.npmjs.org/has-flag/-/has-flag-3.0.0.tgz",
      "integrity": "sha512-sKJf1+ceQBr4SMkvQnBDNDtf4TXpVhVGateu0t918bl30FnbE2m4vNLX+VWe/dpjlb+HugGYzW7uQXH98HPEYw==",
      "dev": true
    },
    "ignore-by-default": {
      "version": "1.0.1",
      "resolved": "https://registry.npmjs.org/ignore-by-default/-/ignore-by-default-1.0.1.tgz",
      "integrity": "sha512-Ius2VYcGNk7T90CppJqcIkS5ooHUZyIQK+ClZfMfMNFEF9VSE73Fq+906u/CWu92x4gzZMWOwfFYckPObzdEbA==",
      "dev": true
    },
    "is-binary-path": {
      "version": "2.1.0",
      "resolved": "https://registry.npmjs.org/is-binary-path/-/is-binary-path-2.1.0.tgz",
      "integrity": "sha512-ZMERYes6pDydyuGidse7OsHxtbI7WVeUEozgR/g7rd0xUimYNlvZRE/K2MgZTjWy725IfelLeVcEM97mmtRGXw==",
      "dev": true,
      "requires": {
        "binary-extensions": "^2.0.0"
      }
    },
    "is-extglob": {
      "version": "2.1.1",
      "resolved": "https://registry.npmjs.org/is-extglob/-/is-extglob-2.1.1.tgz",
      "integrity": "sha512-SbKbANkN603Vi4jEZv49LeVJMn4yGwsbzZworEoyEiutsN3nJYdbO36zfhGJ6QEDpOZIFkDtnq5JRxmvl3jsoQ==",
      "dev": true
    },
    "is-glob": {
      "version": "4.0.3",
      "resolved": "https://registry.npmjs.org/is-glob/-/is-glob-4.0.3.tgz",
      "integrity": "sha512-xelSayHH36ZgE7ZWhli7pW34hNbNl8Ojv5KVmkJD4hBdD3th8Tfk9vYasLM+mXWOZhFkgZfxhLSnrwRr4elSSg==",
      "dev": true,
      "requires": {
        "is-extglob": "^2.1.1"
      }
    },
    "is-number": {
      "version": "7.0.0",
      "resolved": "https://registry.npmjs.org/is-number/-/is-number-7.0.0.tgz",
      "integrity": "sha512-41Cifkg6e8TylSpdtTpeLVMqvSBEVzTttHvERD741+pnZ8ANv0004MRL43QKPDlK9cGvNp6NZWZUBlbGXYxxng==",
      "dev": true
    },
    "lru-cache": {
      "version": "10.4.3",
      "resolved": "https://registry.npmjs.org/lru-cache/-/lru-cache-10.4.3.tgz",
      "integrity": "sha512-JNAzZcXrCt42VGLuYz0zfAzDfAvJWW6AfYlDBQyDV5DClI2m5sAmK+OIO7s59XfsRsWHp02jAJrRadPRGTt6SQ=="
    },
    "minimatch": {
      "version": "3.1.2",
      "resolved": "https://registry.npmjs.org/minimatch/-/minimatch-3.1.2.tgz",
      "integrity": "sha512-J7p63hRiAjw1NDEww1W7i37+ByIrOWO5XQQAzZ3VOcL0PNybwpfmV/N05zFAzwQ9USyEcX6t3UO+K5aqBQOIHw==",
      "dev": true,
      "requires": {
        "brace-expansion": "^1.1.7"
      }
    },
    "ms": {
      "version": "2.1.3",
      "resolved": "https://registry.npmjs.org/ms/-/ms-2.1.3.tgz",
      "integrity": "sha512-6FlzubTLZG3J2a/NVCAleEhjzq5oxgHyaCU9yYXvcLsvoVaHJq/s5xXI6/XXP6tz7R9xAOtHnSO/tXtF3WRTlA==",
      "dev": true
    },
    "nodemon": {
      "version": "3.1.9",
      "resolved": "https://registry.npmjs.org/nodemon/-/nodemon-3.1.9.tgz",
      "integrity": "sha512-hdr1oIb2p6ZSxu3PB2JWWYS7ZQ0qvaZsc3hK8DR8f02kRzc8rjYmxAIvdz+aYC+8F2IjNaB7HMcSDg8nQpJxyg==",
      "dev": true,
      "requires": {
        "chokidar": "^3.5.2",
        "debug": "^4",
        "ignore-by-default": "^1.0.1",
        "minimatch": "^3.1.2",
        "pstree.remy": "^1.1.8",
        "semver": "^7.5.3",
        "simple-update-notifier": "^2.0.0",
        "supports-color": "^5.5.0",
        "touch": "^3.1.0",
        "undefsafe": "^2.0.5"
      }
    },
    "normalize-path": {
      "version": "3.0.0",
      "resolved": "https://registry.npmjs.org/normalize-path/-/normalize-path-3.0.0.tgz",
      "integrity": "sha512-6eZs5Ls3WtCisHWp9S2GUy8dqkpGi4BVSz3GaqiE6ezub0512ESztXUwUB6C6IKbQkY2Pnb/mD4WYojCRwcwLA==",
      "dev": true
    },
    "picomatch": {
      "version": "2.3.1",
      "resolved": "https://registry.npmjs.org/picomatch/-/picomatch-2.3.1.tgz",
      "integrity": "sha512-JU3teHTNjmE2VCGFzuY8EXzCDVwEqB2a8fsIvwaStHhAWJEeVd1o1QD80CU6+ZdEXXSLbSsuLwJjkCBWqRQUVA==",
      "dev": true
    },
    "pstree.remy": {
      "version": "1.1.8",
      "resolved": "https://registry.npmjs.org/pstree.remy/-/pstree.remy-1.1.8.tgz",
      "integrity": "sha512-77DZwxQmxKnu3aR542U+X8FypNzbfJ+C5XQDk3uWjWxn6151aIMGthWYRXTqT1E5oJvg+ljaa2OJi+VfvCOQ8w==",
      "dev": true
    },
    "readdirp": {
      "version": "3.6.0",
      "resolved": "https://registry.npmjs.org/readdirp/-/readdirp-3.6.0.tgz",
      "integrity": "sha512-hOS089on8RduqdbhvQ5Z37A0ESjsqz6qnRcffsMU3495FuTdqSm+7bhJ29JvIOsBDEEnan5DPu9t3To9VRlMzA==",
      "dev": true,
      "requires": {
        "picomatch": "^2.2.1"
      }
    },
    "semver": {
      "version": "7.7.1",
      "resolved": "https://registry.npmjs.org/semver/-/semver-7.7.1.tgz",
      "integrity": "sha512-hlq8tAfn0m/61p4BVRcPzIGr6LKiMwo4VM6dGi6pt4qcRkmNzTcWq6eCEjEh+qXjkMDvPlOFFSGwQjoEa6gyMA==",
      "dev": true
    },
    "simple-update-notifier": {
      "version": "2.0.0",
      "resolved": "https://registry.npmjs.org/simple-update-notifier/-/simple-update-notifier-2.0.0.tgz",
      "integrity": "sha512-a2B9Y0KlNXl9u/vsW6sTIu9vGEpfKu2wRV6l1H3XEas/0gUIzGzBoP/IouTcUQbm9JWZLH3COxyn03TYlFax6w==",
      "dev": true,
      "requires": {
        "semver": "^7.5.3"
      }
    },
    "streamsearch": {
      "version": "1.1.0",
      "resolved": "https://registry.npmjs.org/streamsearch/-/streamsearch-1.1.0.tgz",
      "integrity": "sha512-Mcc5wHehp9aXz1ax6bZUyY5afg9u2rv5cqQI3mRrYkGC8rW2hM02jWuwjtL++LS5qinSyhj2QfLyNsuc+VsExg=="
    },
    "supports-color": {
      "version": "5.5.0",
      "resolved": "https://registry.npmjs.org/supports-color/-/supports-color-5.5.0.tgz",
      "integrity": "sha512-QjVjwdXIt408MIiAqCX4oUKsgU2EqAGzs2Ppkm4aQYbjm+ZEWEcW4SfFNTr4uMNZma0ey4f5lgLrkB0aX0QMow==",
      "dev": true,
      "requires": {
        "has-flag": "^3.0.0"
      }
    },
    "to-regex-range": {
      "version": "5.0.1",
      "resolved": "https://registry.npmjs.org/to-regex-range/-/to-regex-range-5.0.1.tgz",
      "integrity": "sha512-65P7iz6X5yEr1cwcgvQxbbIw7Uk3gOy5dIdtZ4rDveLqhrdJP+Li/Hx6tyK0NEb+2GCyneCMJiGqrADCSNk8sQ==",
      "dev": true,
      "requires": {
        "is-number": "^7.0.0"
      }
    },
    "touch": {
      "version": "3.1.1",
      "resolved": "https://registry.npmjs.org/touch/-/touch-3.1.1.tgz",
      "integrity": "sha512-r0eojU4bI8MnHr8c5bNo7lJDdI2qXlWWJk6a9EAFG7vbhTjElYhBVS3/miuE0uOuoLdb8Mc/rVfsmm6eo5o9GA==",
      "dev": true
    },
    "tslib": {
      "version": "2.8.1",
      "resolved": "https://registry.npmjs.org/tslib/-/tslib-2.8.1.tgz",
      "integrity": "sha512-oJFu94HQb+KVduSUQL7wnpmqnfmLsOA/nAh6b6EH0wCEoK0/mPeXU6c3wKDV83MkOuHPRHtSXKKU99IBazS/2w=="
    },
    "undefsafe": {
      "version": "2.0.5",
      "resolved": "https://registry.npmjs.org/undefsafe/-/undefsafe-2.0.5.tgz",
      "integrity": "sha512-WxONCrssBM8TSPRqN5EmsjVrsv4A8X12J4ArBiiayv3DyyG3ZlIg6yysuuSYdZsVz3TKcTg2fd//Ujd4CHV1iA==",
      "dev": true
    },
    "urlpattern-polyfill": {
      "version": "10.0.0",
      "resolved": "https://registry.npmjs.org/urlpattern-polyfill/-/urlpattern-polyfill-10.0.0.tgz",
      "integrity": "sha512-H/A06tKD7sS1O1X2SshBVeA5FLycRpjqiBeqGKmBwBDBy28EnRjORxTNe269KSSr5un5qyWi1iL61wLxpd+ZOg=="
    },
    "uuid": {
      "version": "11.1.0",
      "resolved": "https://registry.npmjs.org/uuid/-/uuid-11.1.0.tgz",
      "integrity": "sha512-0/A9rDy9P7cJ+8w1c9WD9V//9Wj15Ce2MPz8Ri6032usz+NfePxx5AcN3bN+r6ZL6jEo066/yNYB3tn4pQEx+A=="
    }
  }
}
